
Microsoft Visual Studio Solution File, Format Version 12.00
# Visual Studio Version 17
VisualStudioVersion = 17.3.32804.467
MinimumVisualStudioVersion = 10.0.40219.1
Project("{FAE04EC0-301F-11D3-BF4B-00C04F79EFBC}") = "hello_app", "hello_app\hello_app.csproj", "{8BA280AB-0110-41ED-AE96-8F7C92EB0708}"
EndProject
Global
	GlobalSection(SolutionConfigurationPlatforms) = preSolution
		Debug|Any CPU = Debug|Any CPU
		Release|Any CPU = Release|Any CPU
	EndGlobalSection
	GlobalSection(ProjectConfigurationPlatforms) = postSolution
		{8BA280AB-0110-41ED-AE96-8F7C92EB0708}.Debug|Any CPU.ActiveCfg = Debug|Any CPU
		{8BA280AB-0110-41ED-AE96-8F7C92EB0708}.Debug|Any CPU.Build.0 = Debug|Any CPU
		{8BA280AB-0110-41ED-AE96-8F7C92EB0708}.Release|Any CPU.ActiveCfg = Release|Any CPU
		{8BA280AB-0110-41ED-AE96-8F7C92EB0708}.Release|Any CPU.Build.0 = Release|Any CPU
	EndGlobalSection
	GlobalSection(SolutionProperties) = preSolution
		HideSolutionNode = FALSE
	EndGlobalSection
	GlobalSection(ExtensibilityGlobals) = postSolution
		SolutionGuid = {C439FF5D-50B6-4970-A7FD-0DA9A4948F9E}
	EndGlobalSection
EndGlobal
